
Microsoft Visual Studio Solution File, Format Version 12.00
# Visual Studio Version 16
VisualStudioVersion = 16.0.31515.178
MinimumVisualStudioVersion = 10.0.40219.1
Project("{FAE04EC0-301F-11D3-BF4B-00C04F79EFBC}") = "TopFilms", "TopFilms\TopFilms.csproj", "{57E85EDC-C1B9-4B61-BBCA-AC131017AA73}"
EndProject
Global
	GlobalSection(SolutionConfigurationPlatforms) = preSolution
		Debug|Any CPU = Debug|Any CPU
		Release|Any CPU = Release|Any CPU
	EndGlobalSection
	GlobalSection(ProjectConfigurationPlatforms) = postSolution
		{57E85EDC-C1B9-4B61-BBCA-AC131017AA73}.Debug|Any CPU.ActiveCfg = Debug|Any CPU
		{57E85EDC-C1B9-4B61-BBCA-AC131017AA73}.Debug|Any CPU.Build.0 = Debug|Any CPU
		{57E85EDC-C1B9-4B61-BBCA-AC131017AA73}.Release|Any CPU.ActiveCfg = Release|Any CPU
		{57E85EDC-C1B9-4B61-BBCA-AC131017AA73}.Release|Any CPU.Build.0 = Release|Any CPU
	EndGlobalSection
	GlobalSection(SolutionProperties) = preSolution
		HideSolutionNode = FALSE
	EndGlobalSection
	GlobalSection(ExtensibilityGlobals) = postSolution
		SolutionGuid = {6172AF17-2BA3-4116-95DA-713D3D2F874A}
	EndGlobalSection
EndGlobal
