
Microsoft Visual Studio Solution File, Format Version 12.00
# Visual Studio Version 16
VisualStudioVersion = 16.0.31515.178
MinimumVisualStudioVersion = 10.0.40219.1
Project("{FAE04EC0-301F-11D3-BF4B-00C04F79EFBC}") = "CeaserCipherFrequency", "CeaserCipherFrequency\CeaserCipherFrequency.csproj", "{E960A56C-9129-4897-AD2D-CAC38450D110}"
EndProject
Global
	GlobalSection(SolutionConfigurationPlatforms) = preSolution
		Debug|Any CPU = Debug|Any CPU
		Release|Any CPU = Release|Any CPU
	EndGlobalSection
	GlobalSection(ProjectConfigurationPlatforms) = postSolution
		{E960A56C-9129-4897-AD2D-CAC38450D110}.Debug|Any CPU.ActiveCfg = Debug|Any CPU
		{E960A56C-9129-4897-AD2D-CAC38450D110}.Debug|Any CPU.Build.0 = Debug|Any CPU
		{E960A56C-9129-4897-AD2D-CAC38450D110}.Release|Any CPU.ActiveCfg = Release|Any CPU
		{E960A56C-9129-4897-AD2D-CAC38450D110}.Release|Any CPU.Build.0 = Release|Any CPU
	EndGlobalSection
	GlobalSection(SolutionProperties) = preSolution
		HideSolutionNode = FALSE
	EndGlobalSection
	GlobalSection(ExtensibilityGlobals) = postSolution
		SolutionGuid = {96D4D7AC-5614-493E-9CD7-3BBF9BDCE19F}
	EndGlobalSection
EndGlobal
