
Microsoft Visual Studio Solution File, Format Version 12.00
# Visual Studio Version 16
VisualStudioVersion = 16.0.31410.357
MinimumVisualStudioVersion = 10.0.40219.1
Project("{FAE04EC0-301F-11D3-BF4B-00C04F79EFBC}") = "SimpleCardGameV2.0", "SimpleCardGameV2.0\SimpleCardGameV2.0.csproj", "{9344C999-0B69-4D2E-B18F-F86B3CCF36FC}"
EndProject
Global
	GlobalSection(SolutionConfigurationPlatforms) = preSolution
		Debug|Any CPU = Debug|Any CPU
		Release|Any CPU = Release|Any CPU
	EndGlobalSection
	GlobalSection(ProjectConfigurationPlatforms) = postSolution
		{9344C999-0B69-4D2E-B18F-F86B3CCF36FC}.Debug|Any CPU.ActiveCfg = Debug|Any CPU
		{9344C999-0B69-4D2E-B18F-F86B3CCF36FC}.Debug|Any CPU.Build.0 = Debug|Any CPU
		{9344C999-0B69-4D2E-B18F-F86B3CCF36FC}.Release|Any CPU.ActiveCfg = Release|Any CPU
		{9344C999-0B69-4D2E-B18F-F86B3CCF36FC}.Release|Any CPU.Build.0 = Release|Any CPU
	EndGlobalSection
	GlobalSection(SolutionProperties) = preSolution
		HideSolutionNode = FALSE
	EndGlobalSection
	GlobalSection(ExtensibilityGlobals) = postSolution
		SolutionGuid = {D7574D42-55D5-49D6-B5EF-265B23489302}
	EndGlobalSection
EndGlobal
