
Microsoft Visual Studio Solution File, Format Version 12.00
# Visual Studio Version 16
VisualStudioVersion = 16.0.32106.194
MinimumVisualStudioVersion = 10.0.40219.1
Project("{FAE04EC0-301F-11D3-BF4B-00C04F79EFBC}") = "Fibonacci", "Fibonacci\Fibonacci.csproj", "{EA0A18E5-8E48-4086-ACE1-354EDD653140}"
EndProject
Global
	GlobalSection(SolutionConfigurationPlatforms) = preSolution
		Debug|Any CPU = Debug|Any CPU
		Release|Any CPU = Release|Any CPU
	EndGlobalSection
	GlobalSection(ProjectConfigurationPlatforms) = postSolution
		{EA0A18E5-8E48-4086-ACE1-354EDD653140}.Debug|Any CPU.ActiveCfg = Debug|Any CPU
		{EA0A18E5-8E48-4086-ACE1-354EDD653140}.Debug|Any CPU.Build.0 = Debug|Any CPU
		{EA0A18E5-8E48-4086-ACE1-354EDD653140}.Release|Any CPU.ActiveCfg = Release|Any CPU
		{EA0A18E5-8E48-4086-ACE1-354EDD653140}.Release|Any CPU.Build.0 = Release|Any CPU
	EndGlobalSection
	GlobalSection(SolutionProperties) = preSolution
		HideSolutionNode = FALSE
	EndGlobalSection
	GlobalSection(ExtensibilityGlobals) = postSolution
		SolutionGuid = {5A24B98D-00F8-44B6-923E-8A8B05060DD7}
	EndGlobalSection
EndGlobal
