
Microsoft Visual Studio Solution File, Format Version 12.00
# Visual Studio Version 16
VisualStudioVersion = 16.0.30523.141
MinimumVisualStudioVersion = 10.0.40219.1
Project("{FAE04EC0-301F-11D3-BF4B-00C04F79EFBC}") = "Shapes", "Shapes\Shapes.csproj", "{0D658020-5170-42DB-AD47-4E2321EDE128}"
EndProject
Global
	GlobalSection(SolutionConfigurationPlatforms) = preSolution
		Debug|Any CPU = Debug|Any CPU
		Release|Any CPU = Release|Any CPU
	EndGlobalSection
	GlobalSection(ProjectConfigurationPlatforms) = postSolution
		{0D658020-5170-42DB-AD47-4E2321EDE128}.Debug|Any CPU.ActiveCfg = Debug|Any CPU
		{0D658020-5170-42DB-AD47-4E2321EDE128}.Debug|Any CPU.Build.0 = Debug|Any CPU
		{0D658020-5170-42DB-AD47-4E2321EDE128}.Release|Any CPU.ActiveCfg = Release|Any CPU
		{0D658020-5170-42DB-AD47-4E2321EDE128}.Release|Any CPU.Build.0 = Release|Any CPU
	EndGlobalSection
	GlobalSection(SolutionProperties) = preSolution
		HideSolutionNode = FALSE
	EndGlobalSection
	GlobalSection(ExtensibilityGlobals) = postSolution
		SolutionGuid = {6367F546-8025-4A22-A6DF-FFD1BEBB0264}
	EndGlobalSection
EndGlobal
