
Microsoft Visual Studio Solution File, Format Version 12.00
# Visual Studio Version 16
VisualStudioVersion = 16.0.31410.357
MinimumVisualStudioVersion = 10.0.40219.1
Project("{9A19103F-16F7-4668-BE54-9A1E7A4F7556}") = "BankAccountApp", "BankAccountApp\BankAccountApp.csproj", "{6EA5B814-3A59-4C32-8ADC-3B94870952D9}"
EndProject
Project("{FAE04EC0-301F-11D3-BF4B-00C04F79EFBC}") = "BankAccountTests", "BankAccountTests\BankAccountTests.csproj", "{263AE56B-7DE7-41BB-837D-334B0C31B532}"
EndProject
Global
	GlobalSection(SolutionConfigurationPlatforms) = preSolution
		Debug|Any CPU = Debug|Any CPU
		Release|Any CPU = Release|Any CPU
	EndGlobalSection
	GlobalSection(ProjectConfigurationPlatforms) = postSolution
		{6EA5B814-3A59-4C32-8ADC-3B94870952D9}.Debug|Any CPU.ActiveCfg = Debug|Any CPU
		{6EA5B814-3A59-4C32-8ADC-3B94870952D9}.Debug|Any CPU.Build.0 = Debug|Any CPU
		{6EA5B814-3A59-4C32-8ADC-3B94870952D9}.Release|Any CPU.ActiveCfg = Release|Any CPU
		{6EA5B814-3A59-4C32-8ADC-3B94870952D9}.Release|Any CPU.Build.0 = Release|Any CPU
		{263AE56B-7DE7-41BB-837D-334B0C31B532}.Debug|Any CPU.ActiveCfg = Debug|Any CPU
		{263AE56B-7DE7-41BB-837D-334B0C31B532}.Debug|Any CPU.Build.0 = Debug|Any CPU
		{263AE56B-7DE7-41BB-837D-334B0C31B532}.Release|Any CPU.ActiveCfg = Release|Any CPU
		{263AE56B-7DE7-41BB-837D-334B0C31B532}.Release|Any CPU.Build.0 = Release|Any CPU
	EndGlobalSection
	GlobalSection(SolutionProperties) = preSolution
		HideSolutionNode = FALSE
	EndGlobalSection
	GlobalSection(ExtensibilityGlobals) = postSolution
		SolutionGuid = {0043F110-ADDB-4342-BFB2-B6B24873EF53}
	EndGlobalSection
EndGlobal
