
Microsoft Visual Studio Solution File, Format Version 12.00
# Visual Studio Version 16
VisualStudioVersion = 16.0.31515.178
MinimumVisualStudioVersion = 10.0.40219.1
Project("{FAE04EC0-301F-11D3-BF4B-00C04F79EFBC}") = "PCardGame", "PCardGame\PCardGame.csproj", "{A6CF9089-7B4D-41F5-8B21-44F4BB5FD455}"
EndProject
Global
	GlobalSection(SolutionConfigurationPlatforms) = preSolution
		Debug|Any CPU = Debug|Any CPU
		Release|Any CPU = Release|Any CPU
	EndGlobalSection
	GlobalSection(ProjectConfigurationPlatforms) = postSolution
		{A6CF9089-7B4D-41F5-8B21-44F4BB5FD455}.Debug|Any CPU.ActiveCfg = Debug|Any CPU
		{A6CF9089-7B4D-41F5-8B21-44F4BB5FD455}.Debug|Any CPU.Build.0 = Debug|Any CPU
		{A6CF9089-7B4D-41F5-8B21-44F4BB5FD455}.Release|Any CPU.ActiveCfg = Release|Any CPU
		{A6CF9089-7B4D-41F5-8B21-44F4BB5FD455}.Release|Any CPU.Build.0 = Release|Any CPU
	EndGlobalSection
	GlobalSection(SolutionProperties) = preSolution
		HideSolutionNode = FALSE
	EndGlobalSection
	GlobalSection(ExtensibilityGlobals) = postSolution
		SolutionGuid = {F10CDDC3-F969-4F81-864D-BCCF55E75B7A}
	EndGlobalSection
EndGlobal
