
Microsoft Visual Studio Solution File, Format Version 12.00
# Visual Studio Version 16
VisualStudioVersion = 16.0.31515.178
MinimumVisualStudioVersion = 10.0.40219.1
Project("{FAE04EC0-301F-11D3-BF4B-00C04F79EFBC}") = "MagicSquare", "MagicSquare\MagicSquare.csproj", "{AAA05FD1-1F86-4F3A-BA30-B89994DF1563}"
EndProject
Global
	GlobalSection(SolutionConfigurationPlatforms) = preSolution
		Debug|Any CPU = Debug|Any CPU
		Release|Any CPU = Release|Any CPU
	EndGlobalSection
	GlobalSection(ProjectConfigurationPlatforms) = postSolution
		{AAA05FD1-1F86-4F3A-BA30-B89994DF1563}.Debug|Any CPU.ActiveCfg = Debug|Any CPU
		{AAA05FD1-1F86-4F3A-BA30-B89994DF1563}.Debug|Any CPU.Build.0 = Debug|Any CPU
		{AAA05FD1-1F86-4F3A-BA30-B89994DF1563}.Release|Any CPU.ActiveCfg = Release|Any CPU
		{AAA05FD1-1F86-4F3A-BA30-B89994DF1563}.Release|Any CPU.Build.0 = Release|Any CPU
	EndGlobalSection
	GlobalSection(SolutionProperties) = preSolution
		HideSolutionNode = FALSE
	EndGlobalSection
	GlobalSection(ExtensibilityGlobals) = postSolution
		SolutionGuid = {ED1D65A2-C3E5-4DFA-A94A-A8D430E34F93}
	EndGlobalSection
EndGlobal
