
Microsoft Visual Studio Solution File, Format Version 12.00
# Visual Studio Version 16
VisualStudioVersion = 16.0.31515.178
MinimumVisualStudioVersion = 10.0.40219.1
Project("{FAE04EC0-301F-11D3-BF4B-00C04F79EFBC}") = "MergingArrays", "MergingArrays\MergingArrays.csproj", "{1C0FE4A5-A4DC-4244-8E60-1907CD77FD13}"
EndProject
Global
	GlobalSection(SolutionConfigurationPlatforms) = preSolution
		Debug|Any CPU = Debug|Any CPU
		Release|Any CPU = Release|Any CPU
	EndGlobalSection
	GlobalSection(ProjectConfigurationPlatforms) = postSolution
		{1C0FE4A5-A4DC-4244-8E60-1907CD77FD13}.Debug|Any CPU.ActiveCfg = Debug|Any CPU
		{1C0FE4A5-A4DC-4244-8E60-1907CD77FD13}.Debug|Any CPU.Build.0 = Debug|Any CPU
		{1C0FE4A5-A4DC-4244-8E60-1907CD77FD13}.Release|Any CPU.ActiveCfg = Release|Any CPU
		{1C0FE4A5-A4DC-4244-8E60-1907CD77FD13}.Release|Any CPU.Build.0 = Release|Any CPU
	EndGlobalSection
	GlobalSection(SolutionProperties) = preSolution
		HideSolutionNode = FALSE
	EndGlobalSection
	GlobalSection(ExtensibilityGlobals) = postSolution
		SolutionGuid = {EAC92A80-49F9-422A-BC99-16A7CBB9FA2A}
	EndGlobalSection
EndGlobal
